# This file was autogenerated by Stack.
# You should not edit this file by hand.
# For more information, please see the documentation at:
#   https://docs.haskellstack.org/en/stable/lock_files

packages:
- completed:
    hackage: megaparsec-9.0.0@sha256:920d1e469056c746b532333a078c2a9a195fab5e860e0c9734ee92a28c2bfb65,3117
    pantry-tree:
      size: 1447
      sha256: 26c1c24e343cfa6b2c55715fff4b8608e527a6b6ad3d510e328e0a228f979a7d
  original:
    hackage: megaparsec-9.0.0
- completed:
    hackage: taggy-0.2.1@sha256:7bc55ddba178971dc6052163597f0445a0a2b5b0ca0e84ce651d53d722e3c265,4662
    pantry-tree:
      size: 1667
      sha256: 0b3140ad52833bf8498da1bdc9745105128e109515a6102f87884c2d43b6f18d
  original:
    hackage: taggy-0.2.1@sha256:7bc55ddba178971dc6052163597f0445a0a2b5b0ca0e84ce651d53d722e3c265,4662
- completed:
    hackage: taggy-lens-0.1.2@sha256:091ca81d02bd3d7fb493dce0148e1a38f25eb178a1ebd751043a23239e5e3265,3009
    pantry-tree:
      size: 323
      sha256: 332730a4a17634a4d0948a68811e52bb9d5c61065181aed47aec6abd88c75871
  original:
    hackage: taggy-lens-0.1.2@sha256:091ca81d02bd3d7fb493dce0148e1a38f25eb178a1ebd751043a23239e5e3265,3009
snapshots:
- completed:
    size: 532386
    url: https://raw.githubusercontent.com/commercialhaskell/stackage-snapshots/master/lts/16/17.yaml
    sha256: d3ee1ae797cf63189c95cf27f00700304946c5cb3c1e6a82001cd6584a221e1b
  original: lts-16.17
